<?xml version="1.0" encoding="utf-8"?>
<Project ToolsVersion="4.0" xmlns="http://schemas.microsoft.com/developer/msbuild/2003">
  <ItemGroup>
    <Filter Include="源文件">
      <UniqueIdentifier>{4FC737F1-C7A5-4376-A066-2A32D752A2FF}</UniqueIdentifier>
      <Extensions>cpp;c;cc;cxx;c++;cppm;ixx;def;odl;idl;hpj;bat;asm;asmx</Extensions>
    </Filter>
    <Filter Include="头文件">
      <UniqueIdentifier>{93995380-89BD-4b04-88EB-625FBE52EBFB}</UniqueIdentifier>
      <Extensions>h;hh;hpp;hxx;h++;hm;inl;inc;ipp;xsd</Extensions>
    </Filter>
    <Filter Include="资源文件">
      <UniqueIdentifier>{67DA6AB6-F800-4c08-8B7A-83BB121AAD01}</UniqueIdentifier>
      <Extensions>rc;ico;cur;bmp;dlg;rc2;rct;bin;rgs;gif;jpg;jpeg;jpe;resx;tiff;tif;png;wav;mfcribbon-ms</Extensions>
    </Filter>
  </ItemGroup>
  <ItemGroup>
    <ClCompile Include="main.cpp">
      <Filter>源文件</Filter>
    </ClCompile>
    <ClCompile Include="enemy.cpp">
      <Filter>源文件</Filter>
    </ClCompile>
    <ClCompile Include="enemybullet.cpp">
      <Filter>源文件</Filter>
    </ClCompile>
    <ClCompile Include="score.cpp">
      <Filter>源文件</Filter>
    </ClCompile>
    <ClCompile Include="fujibullet.cpp">
      <Filter>源文件</Filter>
    </ClCompile>
    <ClCompile Include="show_ziji.cpp">
      <Filter>源文件</Filter>
    </ClCompile>
    <ClCompile Include="spellcard.cpp">
      <Filter>源文件</Filter>
    </ClCompile>
    <ClCompile Include="anime.cpp">
      <Filter>源文件</Filter>
    </ClCompile>
    <ClCompile Include="imhit.cpp">
      <Filter>源文件</Filter>
    </ClCompile>
    <ClCompile Include="item.cpp">
      <Filter>源文件</Filter>
    </ClCompile>
    <ClCompile Include="relife.cpp">
      <Filter>源文件</Filter>
    </ClCompile>
    <ClCompile Include="Game.cpp">
      <Filter>源文件</Filter>
    </ClCompile>
    <ClCompile Include="DynamicMemory.cpp">
      <Filter>源文件</Filter>
    </ClCompile>
  </ItemGroup>
  <ItemGroup>
    <ClInclude Include="touwenjian.h">
      <Filter>头文件</Filter>
    </ClInclude>
    <ClInclude Include="resource.h">
      <Filter>头文件</Filter>
    </ClInclude>
    <ClInclude Include="DynamicMemory.h">
      <Filter>头文件</Filter>
    </ClInclude>
  </ItemGroup>
  <ItemGroup>
    <Image Include="..\..\material\d.bmp">
      <Filter>资源文件</Filter>
    </Image>
    <Image Include="..\..\material\P.bmp">
      <Filter>资源文件</Filter>
    </Image>
    <Image Include="material\beijing.png">
      <Filter>资源文件</Filter>
    </Image>
    <Image Include="material\card_red.png">
      <Filter>资源文件</Filter>
    </Image>
    <Image Include="material\card1.png">
      <Filter>资源文件</Filter>
    </Image>
    <Image Include="material\card2.png">
      <Filter>资源文件</Filter>
    </Image>
    <Image Include="material\d.bmp">
      <Filter>资源文件</Filter>
    </Image>
    <Image Include="material\enemy1.png">
      <Filter>资源文件</Filter>
    </Image>
    <Image Include="material\enemy1m.png">
      <Filter>资源文件</Filter>
    </Image>
    <Image Include="material\enemy2.png">
      <Filter>资源文件</Filter>
    </Image>
    <Image Include="material\enemy2m.png">
      <Filter>资源文件</Filter>
    </Image>
    <Image Include="material\enemy3_1.png">
      <Filter>资源文件</Filter>
    </Image>
    <Image Include="material\enemy3_1m.png">
      <Filter>资源文件</Filter>
    </Image>
    <Image Include="material\enemy3_2.png">
      <Filter>资源文件</Filter>
    </Image>
    <Image Include="material\enemy3_2m.png">
      <Filter>资源文件</Filter>
    </Image>
    <Image Include="material\enemy4_1.png">
      <Filter>资源文件</Filter>
    </Image>
    <Image Include="material\enemy4_1m.png">
      <Filter>资源文件</Filter>
    </Image>
    <Image Include="material\enemy4_2.png">
      <Filter>资源文件</Filter>
    </Image>
    <Image Include="material\enemy4_2m.png">
      <Filter>资源文件</Filter>
    </Image>
    <Image Include="material\enemy101.png">
      <Filter>资源文件</Filter>
    </Image>
    <Image Include="material\enemy101m.png">
      <Filter>资源文件</Filter>
    </Image>
    <Image Include="material\heart0.bmp">
      <Filter>资源文件</Filter>
    </Image>
    <Image Include="material\heart1.bmp">
      <Filter>资源文件</Filter>
    </Image>
    <Image Include="material\heart2.bmp">
      <Filter>资源文件</Filter>
    </Image>
    <Image Include="material\hit1.png">
      <Filter>资源文件</Filter>
    </Image>
    <Image Include="material\hit2.png">
      <Filter>资源文件</Filter>
    </Image>
    <Image Include="material\lingmeng.png">
      <Filter>资源文件</Filter>
    </Image>
    <Image Include="material\maoyu1.png">
      <Filter>资源文件</Filter>
    </Image>
    <Image Include="material\maoyu2.png">
      <Filter>资源文件</Filter>
    </Image>
    <Image Include="material\P.bmp">
      <Filter>资源文件</Filter>
    </Image>
    <Image Include="material\reimu1.bmp">
      <Filter>资源文件</Filter>
    </Image>
    <Image Include="material\reimu1_mask.bmp">
      <Filter>资源文件</Filter>
    </Image>
    <Image Include="material\spellcard0.png">
      <Filter>资源文件</Filter>
    </Image>
    <Image Include="material\spellcard1.bmp">
      <Filter>资源文件</Filter>
    </Image>
    <Image Include="material\spellcard2.bmp">
      <Filter>资源文件</Filter>
    </Image>
    <Image Include="material\xishouhu.bmp">
      <Filter>资源文件</Filter>
    </Image>
    <Image Include="material\xishouhu.png">
      <Filter>资源文件</Filter>
    </Image>
    <Image Include="material\yinyangyu1.png">
      <Filter>资源文件</Filter>
    </Image>
    <Image Include="material\yinyangyu2.png">
      <Filter>资源文件</Filter>
    </Image>
  </ItemGroup>
  <ItemGroup>
    <ResourceCompile Include="Resource.rc">
      <Filter>资源文件</Filter>
    </ResourceCompile>
  </ItemGroup>
  <ItemGroup>
    <None Include="data\data.dat" />
  </ItemGroup>
</Project>